
Microsoft Visual Studio Solution File, Format Version 12.00
# Visual Studio Version 17
VisualStudioVersion = 17.9.34728.123
MinimumVisualStudioVersion = 10.0.40219.1
Project("{9A19103F-16F7-4668-BE54-9A1E7A4F7556}") = "Biblioteca.Server", "Biblioteca.Server\Biblioteca.Server.csproj", "{B2A3DE83-A282-45C9-875C-1B3FB0033EA4}"
EndProject
Project("{54A90642-561A-4BB1-A94E-469ADEE60C69}") = "biblioteca.client", "biblioteca.client\biblioteca.client.esproj", "{E54D1B7E-5800-4553-BADE-1EE30230FB9A}"
EndProject
Project("{9A19103F-16F7-4668-BE54-9A1E7A4F7556}") = "Biblioteca.Domain", "Biblioteca.Domain\Biblioteca.Domain.csproj", "{DF42C814-1C7F-405B-AC2D-E15191FE06BA}"
EndProject
Project("{9A19103F-16F7-4668-BE54-9A1E7A4F7556}") = "Biblioteca.Infrastructure", "Biblioteca.Infrastructure\Biblioteca.Infrastructure.csproj", "{48EFD59A-823C-4EDA-B48D-95921B3AED62}"
EndProject
Project("{9A19103F-16F7-4668-BE54-9A1E7A4F7556}") = "Biblioteca.Application", "Biblioteca.Application\Biblioteca.Application.csproj", "{4ADA86E4-DC7E-4A8E-B447-0E6569189321}"
EndProject
Project("{9A19103F-16F7-4668-BE54-9A1E7A4F7556}") = "Biblioteca.Utilities", "Biblioteca.Utilities\Biblioteca.Utilities.csproj", "{09A2C06D-EAB0-4761-8275-556273D9B9BF}"
EndProject
Project("{FAE04EC0-301F-11D3-BF4B-00C04F79EFBC}") = "Biblioteca.Test", "Biblioteca.Test\Biblioteca.Test.csproj", "{0E861A27-D016-470C-A932-2AED7FAC2111}"
EndProject
Global
	GlobalSection(SolutionConfigurationPlatforms) = preSolution
		Debug|Any CPU = Debug|Any CPU
		Release|Any CPU = Release|Any CPU
	EndGlobalSection
	GlobalSection(ProjectConfigurationPlatforms) = postSolution
		{B2A3DE83-A282-45C9-875C-1B3FB0033EA4}.Debug|Any CPU.ActiveCfg = Debug|Any CPU
		{B2A3DE83-A282-45C9-875C-1B3FB0033EA4}.Debug|Any CPU.Build.0 = Debug|Any CPU
		{B2A3DE83-A282-45C9-875C-1B3FB0033EA4}.Release|Any CPU.ActiveCfg = Release|Any CPU
		{B2A3DE83-A282-45C9-875C-1B3FB0033EA4}.Release|Any CPU.Build.0 = Release|Any CPU
		{E54D1B7E-5800-4553-BADE-1EE30230FB9A}.Debug|Any CPU.ActiveCfg = Debug|Any CPU
		{E54D1B7E-5800-4553-BADE-1EE30230FB9A}.Debug|Any CPU.Build.0 = Debug|Any CPU
		{E54D1B7E-5800-4553-BADE-1EE30230FB9A}.Debug|Any CPU.Deploy.0 = Debug|Any CPU
		{E54D1B7E-5800-4553-BADE-1EE30230FB9A}.Release|Any CPU.ActiveCfg = Release|Any CPU
		{E54D1B7E-5800-4553-BADE-1EE30230FB9A}.Release|Any CPU.Build.0 = Release|Any CPU
		{E54D1B7E-5800-4553-BADE-1EE30230FB9A}.Release|Any CPU.Deploy.0 = Release|Any CPU
		{DF42C814-1C7F-405B-AC2D-E15191FE06BA}.Debug|Any CPU.ActiveCfg = Debug|Any CPU
		{DF42C814-1C7F-405B-AC2D-E15191FE06BA}.Debug|Any CPU.Build.0 = Debug|Any CPU
		{DF42C814-1C7F-405B-AC2D-E15191FE06BA}.Release|Any CPU.ActiveCfg = Release|Any CPU
		{DF42C814-1C7F-405B-AC2D-E15191FE06BA}.Release|Any CPU.Build.0 = Release|Any CPU
		{48EFD59A-823C-4EDA-B48D-95921B3AED62}.Debug|Any CPU.ActiveCfg = Debug|Any CPU
		{48EFD59A-823C-4EDA-B48D-95921B3AED62}.Debug|Any CPU.Build.0 = Debug|Any CPU
		{48EFD59A-823C-4EDA-B48D-95921B3AED62}.Release|Any CPU.ActiveCfg = Release|Any CPU
		{48EFD59A-823C-4EDA-B48D-95921B3AED62}.Release|Any CPU.Build.0 = Release|Any CPU
		{4ADA86E4-DC7E-4A8E-B447-0E6569189321}.Debug|Any CPU.ActiveCfg = Debug|Any CPU
		{4ADA86E4-DC7E-4A8E-B447-0E6569189321}.Debug|Any CPU.Build.0 = Debug|Any CPU
		{4ADA86E4-DC7E-4A8E-B447-0E6569189321}.Release|Any CPU.ActiveCfg = Release|Any CPU
		{4ADA86E4-DC7E-4A8E-B447-0E6569189321}.Release|Any CPU.Build.0 = Release|Any CPU
		{09A2C06D-EAB0-4761-8275-556273D9B9BF}.Debug|Any CPU.ActiveCfg = Debug|Any CPU
		{09A2C06D-EAB0-4761-8275-556273D9B9BF}.Debug|Any CPU.Build.0 = Debug|Any CPU
		{09A2C06D-EAB0-4761-8275-556273D9B9BF}.Release|Any CPU.ActiveCfg = Release|Any CPU
		{09A2C06D-EAB0-4761-8275-556273D9B9BF}.Release|Any CPU.Build.0 = Release|Any CPU
		{0E861A27-D016-470C-A932-2AED7FAC2111}.Debug|Any CPU.ActiveCfg = Debug|Any CPU
		{0E861A27-D016-470C-A932-2AED7FAC2111}.Debug|Any CPU.Build.0 = Debug|Any CPU
		{0E861A27-D016-470C-A932-2AED7FAC2111}.Release|Any CPU.ActiveCfg = Release|Any CPU
		{0E861A27-D016-470C-A932-2AED7FAC2111}.Release|Any CPU.Build.0 = Release|Any CPU
	EndGlobalSection
	GlobalSection(SolutionProperties) = preSolution
		HideSolutionNode = FALSE
	EndGlobalSection
	GlobalSection(ExtensibilityGlobals) = postSolution
		SolutionGuid = {69B5E09F-AD51-40CE-85DE-291899FD165B}
	EndGlobalSection
EndGlobal
